
Microsoft Visual Studio Solution File, Format Version 12.00
# Visual Studio Version 16
VisualStudioVersion = 16.0.28922.388
MinimumVisualStudioVersion = 10.0.40219.1
Project("{FAE04EC0-301F-11D3-BF4B-00C04F79EFBC}") = "BTN IRC", "BTN IRC\BTN IRC.csproj", "{9772FE67-3F7B-41D8-AC4A-8435B2B1D2AD}"
EndProject
Global
	GlobalSection(SolutionConfigurationPlatforms) = preSolution
		Debug|Any CPU = Debug|Any CPU
		Release|Any CPU = Release|Any CPU
	EndGlobalSection
	GlobalSection(ProjectConfigurationPlatforms) = postSolution
		{9772FE67-3F7B-41D8-AC4A-8435B2B1D2AD}.Debug|Any CPU.ActiveCfg = Debug|Any CPU
		{9772FE67-3F7B-41D8-AC4A-8435B2B1D2AD}.Debug|Any CPU.Build.0 = Debug|Any CPU
		{9772FE67-3F7B-41D8-AC4A-8435B2B1D2AD}.Release|Any CPU.ActiveCfg = Release|Any CPU
		{9772FE67-3F7B-41D8-AC4A-8435B2B1D2AD}.Release|Any CPU.Build.0 = Release|Any CPU
	EndGlobalSection
	GlobalSection(SolutionProperties) = preSolution
		HideSolutionNode = FALSE
	EndGlobalSection
	GlobalSection(ExtensibilityGlobals) = postSolution
		SolutionGuid = {6D353DA5-902B-4273-B7A3-0DA00EB063EC}
	EndGlobalSection
EndGlobal
